
Microsoft Visual Studio Solution File, Format Version 11.00
# Visual Studio 2010
Project("{FAE04EC0-301F-11D3-BF4B-00C04F79EFBC}") = "The Solar System", "Assembly-CSharp-firstpass.csproj", "{4C6F1F5D-E047-AA63-2169-EECC8667E5C5}"
EndProject
Project("{FAE04EC0-301F-11D3-BF4B-00C04F79EFBC}") = "The Solar System", "Assembly-CSharp.csproj", "{4E0AED2A-F7F4-8F2C-D516-F3826136A669}"
EndProject
Project("{FAE04EC0-301F-11D3-BF4B-00C04F79EFBC}") = "The Solar System", "Assembly-CSharp-Editor.csproj", "{8B7FAEE4-6023-B340-0D80-D16D543D40CF}"
EndProject
Global
	GlobalSection(SolutionConfigurationPlatforms) = preSolution
		Debug|Any CPU = Debug|Any CPU
		Release|Any CPU = Release|Any CPU
	EndGlobalSection
	GlobalSection(ProjectConfigurationPlatforms) = postSolution
		{4C6F1F5D-E047-AA63-2169-EECC8667E5C5}.Debug|Any CPU.ActiveCfg = Debug|Any CPU
		{4C6F1F5D-E047-AA63-2169-EECC8667E5C5}.Debug|Any CPU.Build.0 = Debug|Any CPU
		{4C6F1F5D-E047-AA63-2169-EECC8667E5C5}.Release|Any CPU.ActiveCfg = Release|Any CPU
		{4C6F1F5D-E047-AA63-2169-EECC8667E5C5}.Release|Any CPU.Build.0 = Release|Any CPU
		{4E0AED2A-F7F4-8F2C-D516-F3826136A669}.Debug|Any CPU.ActiveCfg = Debug|Any CPU
		{4E0AED2A-F7F4-8F2C-D516-F3826136A669}.Debug|Any CPU.Build.0 = Debug|Any CPU
		{4E0AED2A-F7F4-8F2C-D516-F3826136A669}.Release|Any CPU.ActiveCfg = Release|Any CPU
		{4E0AED2A-F7F4-8F2C-D516-F3826136A669}.Release|Any CPU.Build.0 = Release|Any CPU
		{8B7FAEE4-6023-B340-0D80-D16D543D40CF}.Debug|Any CPU.ActiveCfg = Debug|Any CPU
		{8B7FAEE4-6023-B340-0D80-D16D543D40CF}.Debug|Any CPU.Build.0 = Debug|Any CPU
		{8B7FAEE4-6023-B340-0D80-D16D543D40CF}.Release|Any CPU.ActiveCfg = Release|Any CPU
		{8B7FAEE4-6023-B340-0D80-D16D543D40CF}.Release|Any CPU.Build.0 = Release|Any CPU
	EndGlobalSection
	GlobalSection(SolutionProperties) = preSolution
		HideSolutionNode = FALSE
	EndGlobalSection
	GlobalSection(MonoDevelopProperties) = preSolution
		StartupItem = Assembly-CSharp.csproj
	EndGlobalSection
EndGlobal
